
Microsoft Visual Studio Solution File, Format Version 12.00
# Visual Studio Version 17
VisualStudioVersion = 17.7.34221.43
MinimumVisualStudioVersion = 10.0.40219.1
Project("{FAE04EC0-301F-11D3-BF4B-00C04F79EFBC}") = "C#_Fundamentals", "C#_Fundamentals\C#_Fundamentals.csproj", "{2F614829-F041-4352-BDA8-D82642E4270C}"
EndProject
Project("{FAE04EC0-301F-11D3-BF4B-00C04F79EFBC}") = "PlayingBanjo", "PlayingBanjo\PlayingBanjo.csproj", "{4F7EC2A4-7895-49FA-8061-531E17592651}"
EndProject
Project("{FAE04EC0-301F-11D3-BF4B-00C04F79EFBC}") = "SchoolPapelWork", "SchoolPapelWork\SchoolPapelWork.csproj", "{A825927D-8CA8-4AFE-A794-E354EAE5C473}"
EndProject
Project("{FAE04EC0-301F-11D3-BF4B-00C04F79EFBC}") = "RockPaperScissors!", "RockPaperScissors!\RockPaperScissors!.csproj", "{F2DFC6B1-24BF-4463-A87F-8D30C834DA5F}"
EndProject
Project("{FAE04EC0-301F-11D3-BF4B-00C04F79EFBC}") = "AbbreviateATwoWordName", "AbbreviateATwoWordName\AbbreviateATwoWordName.csproj", "{1C77F9CF-13CF-4BFE-B157-8994B01F82FB}"
EndProject
Global
	GlobalSection(SolutionConfigurationPlatforms) = preSolution
		Debug|Any CPU = Debug|Any CPU
		Release|Any CPU = Release|Any CPU
	EndGlobalSection
	GlobalSection(ProjectConfigurationPlatforms) = postSolution
		{2F614829-F041-4352-BDA8-D82642E4270C}.Debug|Any CPU.ActiveCfg = Debug|Any CPU
		{2F614829-F041-4352-BDA8-D82642E4270C}.Debug|Any CPU.Build.0 = Debug|Any CPU
		{2F614829-F041-4352-BDA8-D82642E4270C}.Release|Any CPU.ActiveCfg = Release|Any CPU
		{2F614829-F041-4352-BDA8-D82642E4270C}.Release|Any CPU.Build.0 = Release|Any CPU
		{4F7EC2A4-7895-49FA-8061-531E17592651}.Debug|Any CPU.ActiveCfg = Debug|Any CPU
		{4F7EC2A4-7895-49FA-8061-531E17592651}.Debug|Any CPU.Build.0 = Debug|Any CPU
		{4F7EC2A4-7895-49FA-8061-531E17592651}.Release|Any CPU.ActiveCfg = Release|Any CPU
		{4F7EC2A4-7895-49FA-8061-531E17592651}.Release|Any CPU.Build.0 = Release|Any CPU
		{A825927D-8CA8-4AFE-A794-E354EAE5C473}.Debug|Any CPU.ActiveCfg = Debug|Any CPU
		{A825927D-8CA8-4AFE-A794-E354EAE5C473}.Debug|Any CPU.Build.0 = Debug|Any CPU
		{A825927D-8CA8-4AFE-A794-E354EAE5C473}.Release|Any CPU.ActiveCfg = Release|Any CPU
		{A825927D-8CA8-4AFE-A794-E354EAE5C473}.Release|Any CPU.Build.0 = Release|Any CPU
		{F2DFC6B1-24BF-4463-A87F-8D30C834DA5F}.Debug|Any CPU.ActiveCfg = Debug|Any CPU
		{F2DFC6B1-24BF-4463-A87F-8D30C834DA5F}.Debug|Any CPU.Build.0 = Debug|Any CPU
		{F2DFC6B1-24BF-4463-A87F-8D30C834DA5F}.Release|Any CPU.ActiveCfg = Release|Any CPU
		{F2DFC6B1-24BF-4463-A87F-8D30C834DA5F}.Release|Any CPU.Build.0 = Release|Any CPU
		{1C77F9CF-13CF-4BFE-B157-8994B01F82FB}.Debug|Any CPU.ActiveCfg = Debug|Any CPU
		{1C77F9CF-13CF-4BFE-B157-8994B01F82FB}.Debug|Any CPU.Build.0 = Debug|Any CPU
		{1C77F9CF-13CF-4BFE-B157-8994B01F82FB}.Release|Any CPU.ActiveCfg = Release|Any CPU
		{1C77F9CF-13CF-4BFE-B157-8994B01F82FB}.Release|Any CPU.Build.0 = Release|Any CPU
	EndGlobalSection
	GlobalSection(SolutionProperties) = preSolution
		HideSolutionNode = FALSE
	EndGlobalSection
	GlobalSection(ExtensibilityGlobals) = postSolution
		SolutionGuid = {8100BA72-A0B7-4AF7-B559-41E28733F05D}
	EndGlobalSection
EndGlobal
