
Microsoft Visual Studio Solution File, Format Version 12.00
# Visual Studio Version 17
VisualStudioVersion = 17.7.34202.233
MinimumVisualStudioVersion = 10.0.40219.1
Project("{FAE04EC0-301F-11D3-BF4B-00C04F79EFBC}") = "Herencia", "Herencia\Herencia.csproj", "{410B4192-71EC-49C7-A31B-937A01A473BA}"
EndProject
Global
	GlobalSection(SolutionConfigurationPlatforms) = preSolution
		Debug|Any CPU = Debug|Any CPU
		Release|Any CPU = Release|Any CPU
	EndGlobalSection
	GlobalSection(ProjectConfigurationPlatforms) = postSolution
		{410B4192-71EC-49C7-A31B-937A01A473BA}.Debug|Any CPU.ActiveCfg = Debug|Any CPU
		{410B4192-71EC-49C7-A31B-937A01A473BA}.Debug|Any CPU.Build.0 = Debug|Any CPU
		{410B4192-71EC-49C7-A31B-937A01A473BA}.Release|Any CPU.ActiveCfg = Release|Any CPU
		{410B4192-71EC-49C7-A31B-937A01A473BA}.Release|Any CPU.Build.0 = Release|Any CPU
	EndGlobalSection
	GlobalSection(SolutionProperties) = preSolution
		HideSolutionNode = FALSE
	EndGlobalSection
	GlobalSection(ExtensibilityGlobals) = postSolution
		SolutionGuid = {FFD4050B-C333-4021-8746-F72233CF3198}
	EndGlobalSection
EndGlobal
