
Microsoft Visual Studio Solution File, Format Version 12.00
# Visual Studio Version 17
VisualStudioVersion = 17.7.34202.233
MinimumVisualStudioVersion = 10.0.40219.1
Project("{9A19103F-16F7-4668-BE54-9A1E7A4F7556}") = "myFirstApp", "myFirstApp\myFirstApp.csproj", "{C1F3880F-1107-47A1-8543-80A5CAC40B3D}"
EndProject
Project("{FAE04EC0-301F-11D3-BF4B-00C04F79EFBC}") = "MySecondApp", "MySecondApp\MySecondApp.csproj", "{F84EC4C7-39F0-4D7B-8F7D-C2D009D0FA6B}"
EndProject
Global
	GlobalSection(SolutionConfigurationPlatforms) = preSolution
		Debug|Any CPU = Debug|Any CPU
		Release|Any CPU = Release|Any CPU
	EndGlobalSection
	GlobalSection(ProjectConfigurationPlatforms) = postSolution
		{C1F3880F-1107-47A1-8543-80A5CAC40B3D}.Debug|Any CPU.ActiveCfg = Debug|Any CPU
		{C1F3880F-1107-47A1-8543-80A5CAC40B3D}.Debug|Any CPU.Build.0 = Debug|Any CPU
		{C1F3880F-1107-47A1-8543-80A5CAC40B3D}.Release|Any CPU.ActiveCfg = Release|Any CPU
		{C1F3880F-1107-47A1-8543-80A5CAC40B3D}.Release|Any CPU.Build.0 = Release|Any CPU
		{F84EC4C7-39F0-4D7B-8F7D-C2D009D0FA6B}.Debug|Any CPU.ActiveCfg = Debug|Any CPU
		{F84EC4C7-39F0-4D7B-8F7D-C2D009D0FA6B}.Debug|Any CPU.Build.0 = Debug|Any CPU
		{F84EC4C7-39F0-4D7B-8F7D-C2D009D0FA6B}.Release|Any CPU.ActiveCfg = Release|Any CPU
		{F84EC4C7-39F0-4D7B-8F7D-C2D009D0FA6B}.Release|Any CPU.Build.0 = Release|Any CPU
	EndGlobalSection
	GlobalSection(SolutionProperties) = preSolution
		HideSolutionNode = FALSE
	EndGlobalSection
	GlobalSection(ExtensibilityGlobals) = postSolution
		SolutionGuid = {78037D41-399A-43C2-8338-A8BCFF75A42D}
	EndGlobalSection
EndGlobal
