
Microsoft Visual Studio Solution File, Format Version 12.00
# Visual Studio Version 17
VisualStudioVersion = 17.7.34202.233
MinimumVisualStudioVersion = 10.0.40219.1
Project("{FAE04EC0-301F-11D3-BF4B-00C04F79EFBC}") = "POO_Encapsulacion", "POO_Encapsulacion\POO_Encapsulacion.csproj", "{035BFF5B-9231-4F0A-A34C-2F604476C5D8}"
EndProject
Global
	GlobalSection(SolutionConfigurationPlatforms) = preSolution
		Debug|Any CPU = Debug|Any CPU
		Release|Any CPU = Release|Any CPU
	EndGlobalSection
	GlobalSection(ProjectConfigurationPlatforms) = postSolution
		{035BFF5B-9231-4F0A-A34C-2F604476C5D8}.Debug|Any CPU.ActiveCfg = Debug|Any CPU
		{035BFF5B-9231-4F0A-A34C-2F604476C5D8}.Debug|Any CPU.Build.0 = Debug|Any CPU
		{035BFF5B-9231-4F0A-A34C-2F604476C5D8}.Release|Any CPU.ActiveCfg = Release|Any CPU
		{035BFF5B-9231-4F0A-A34C-2F604476C5D8}.Release|Any CPU.Build.0 = Release|Any CPU
	EndGlobalSection
	GlobalSection(SolutionProperties) = preSolution
		HideSolutionNode = FALSE
	EndGlobalSection
	GlobalSection(ExtensibilityGlobals) = postSolution
		SolutionGuid = {4D3DF1E1-683C-47D5-AE2D-AA36BC222EEE}
	EndGlobalSection
EndGlobal
