
Microsoft Visual Studio Solution File, Format Version 12.00
# Visual Studio Version 17
VisualStudioVersion = 17.7.34202.233
MinimumVisualStudioVersion = 10.0.40219.1
Project("{FAE04EC0-301F-11D3-BF4B-00C04F79EFBC}") = "SampleClassImplicitHeritance", "SampleClassImplicitHeritance\SampleClassImplicitHeritance.csproj", "{11BDE988-47D9-4613-AE5A-A9B6EEE6089C}"
EndProject
Global
	GlobalSection(SolutionConfigurationPlatforms) = preSolution
		Debug|Any CPU = Debug|Any CPU
		Release|Any CPU = Release|Any CPU
	EndGlobalSection
	GlobalSection(ProjectConfigurationPlatforms) = postSolution
		{11BDE988-47D9-4613-AE5A-A9B6EEE6089C}.Debug|Any CPU.ActiveCfg = Debug|Any CPU
		{11BDE988-47D9-4613-AE5A-A9B6EEE6089C}.Debug|Any CPU.Build.0 = Debug|Any CPU
		{11BDE988-47D9-4613-AE5A-A9B6EEE6089C}.Release|Any CPU.ActiveCfg = Release|Any CPU
		{11BDE988-47D9-4613-AE5A-A9B6EEE6089C}.Release|Any CPU.Build.0 = Release|Any CPU
	EndGlobalSection
	GlobalSection(SolutionProperties) = preSolution
		HideSolutionNode = FALSE
	EndGlobalSection
	GlobalSection(ExtensibilityGlobals) = postSolution
		SolutionGuid = {91BBBBDD-9CE3-40F3-ACAF-BF355CEBF862}
	EndGlobalSection
EndGlobal
